PODS:
  - WGExtension (1.0.5):
    - WGExtension/Category (= 1.0.5)
    - WGExtension/Header (= 1.0.5)
    - WGExtension/Util (= 1.0.5)
  - WGExtension/Category (1.0.5)
  - WGExtension/Header (1.0.5)
  - WGExtension/Util (1.0.5):
    - WGExtension/Util/UUID (= 1.0.5)
  - WGExtension/Util/UUID (1.0.5)

DEPENDENCIES:
  - WGExtension (from `../`)

EXTERNAL SOURCES:
  WGExtension:
    :path: "../"

SPEC CHECKSUMS:
  WGExtension: 938174f7791e1174ddb34216b47a785698e47101

PODFILE CHECKSUM: 7956c6b7c045fb5f3c22f134b3251d2448f262bf

COCOAPODS: 1.11.3
